
Microsoft Visual Studio Solution File, Format Version 12.00
# Visual Studio Version 17
VisualStudioVersion = 17.2.32505.173
MinimumVisualStudioVersion = 10.0.40219.1
Project("{FAE04EC0-301F-11D3-BF4B-00C04F79EFBC}") = "AuthorizationMicroservice", "AuthorizationMicroservice.csproj", "{82E8287E-7362-4E15-8A8C-4A16648971BF}"
EndProject
Global
	GlobalSection(SolutionConfigurationPlatforms) = preSolution
		Debug|Any CPU = Debug|Any CPU
		Release|Any CPU = Release|Any CPU
	EndGlobalSection
	GlobalSection(ProjectConfigurationPlatforms) = postSolution
		{82E8287E-7362-4E15-8A8C-4A16648971BF}.Debug|Any CPU.ActiveCfg = Debug|Any CPU
		{82E8287E-7362-4E15-8A8C-4A16648971BF}.Debug|Any CPU.Build.0 = Debug|Any CPU
		{82E8287E-7362-4E15-8A8C-4A16648971BF}.Release|Any CPU.ActiveCfg = Release|Any CPU
		{82E8287E-7362-4E15-8A8C-4A16648971BF}.Release|Any CPU.Build.0 = Release|Any CPU
	EndGlobalSection
	GlobalSection(SolutionProperties) = preSolution
		HideSolutionNode = FALSE
	EndGlobalSection
	GlobalSection(ExtensibilityGlobals) = postSolution
		SolutionGuid = {F3EF7B42-F2AF-4DB6-B037-274246797F83}
	EndGlobalSection
EndGlobal
